
Microsoft Visual Studio Solution File, Format Version 12.00
# Visual Studio Version 16
VisualStudioVersion = 16.0.30907.101
MinimumVisualStudioVersion = 10.0.40219.1
Project("{FAE04EC0-301F-11D3-BF4B-00C04F79EFBC}") = "berserkfury.Android", "berserkfury\berserkfury.Android\berserkfury.Android.csproj", "{55435B6F-B78C-44A1-86CB-2916A1F3B2A0}"
EndProject
Project("{FAE04EC0-301F-11D3-BF4B-00C04F79EFBC}") = "berserkfury.iOS", "berserkfury\berserkfury.iOS\berserkfury.iOS.csproj", "{6A53EBB8-443B-40CE-A264-CC267D223BE9}"
EndProject
Project("{FAE04EC0-301F-11D3-BF4B-00C04F79EFBC}") = "berserkfury", "berserkfury\berserkfury\berserkfury.csproj", "{D87DFCD1-3E6E-4D6E-9AD6-C15B3D065CAA}"
EndProject
Global
	GlobalSection(SolutionConfigurationPlatforms) = preSolution
		Debug|Any CPU = Debug|Any CPU
		Debug|iPhone = Debug|iPhone
		Debug|iPhoneSimulator = Debug|iPhoneSimulator
		Release|Any CPU = Release|Any CPU
		Release|iPhone = Release|iPhone
		Release|iPhoneSimulator = Release|iPhoneSimulator
	EndGlobalSection
	GlobalSection(ProjectConfigurationPlatforms) = postSolution
		{55435B6F-B78C-44A1-86CB-2916A1F3B2A0}.Debug|Any CPU.ActiveCfg = Debug|Any CPU
		{55435B6F-B78C-44A1-86CB-2916A1F3B2A0}.Debug|Any CPU.Build.0 = Debug|Any CPU
		{55435B6F-B78C-44A1-86CB-2916A1F3B2A0}.Debug|Any CPU.Deploy.0 = Debug|Any CPU
		{55435B6F-B78C-44A1-86CB-2916A1F3B2A0}.Debug|iPhone.ActiveCfg = Debug|Any CPU
		{55435B6F-B78C-44A1-86CB-2916A1F3B2A0}.Debug|iPhone.Build.0 = Debug|Any CPU
		{55435B6F-B78C-44A1-86CB-2916A1F3B2A0}.Debug|iPhone.Deploy.0 = Debug|Any CPU
		{55435B6F-B78C-44A1-86CB-2916A1F3B2A0}.Debug|iPhoneSimulator.ActiveCfg = Debug|Any CPU
		{55435B6F-B78C-44A1-86CB-2916A1F3B2A0}.Debug|iPhoneSimulator.Build.0 = Debug|Any CPU
		{55435B6F-B78C-44A1-86CB-2916A1F3B2A0}.Debug|iPhoneSimulator.Deploy.0 = Debug|Any CPU
		{55435B6F-B78C-44A1-86CB-2916A1F3B2A0}.Release|Any CPU.ActiveCfg = Release|Any CPU
		{55435B6F-B78C-44A1-86CB-2916A1F3B2A0}.Release|Any CPU.Build.0 = Release|Any CPU
		{55435B6F-B78C-44A1-86CB-2916A1F3B2A0}.Release|Any CPU.Deploy.0 = Release|Any CPU
		{55435B6F-B78C-44A1-86CB-2916A1F3B2A0}.Release|iPhone.ActiveCfg = Release|Any CPU
		{55435B6F-B78C-44A1-86CB-2916A1F3B2A0}.Release|iPhone.Build.0 = Release|Any CPU
		{55435B6F-B78C-44A1-86CB-2916A1F3B2A0}.Release|iPhone.Deploy.0 = Release|Any CPU
		{55435B6F-B78C-44A1-86CB-2916A1F3B2A0}.Release|iPhoneSimulator.ActiveCfg = Release|Any CPU
		{55435B6F-B78C-44A1-86CB-2916A1F3B2A0}.Release|iPhoneSimulator.Build.0 = Release|Any CPU
		{55435B6F-B78C-44A1-86CB-2916A1F3B2A0}.Release|iPhoneSimulator.Deploy.0 = Release|Any CPU
		{6A53EBB8-443B-40CE-A264-CC267D223BE9}.Debug|Any CPU.ActiveCfg = Debug|iPhone
		{6A53EBB8-443B-40CE-A264-CC267D223BE9}.Debug|Any CPU.Build.0 = Debug|iPhone
		{6A53EBB8-443B-40CE-A264-CC267D223BE9}.Debug|Any CPU.Deploy.0 = Debug|iPhone
		{6A53EBB8-443B-40CE-A264-CC267D223BE9}.Debug|iPhone.ActiveCfg = Debug|iPhone
		{6A53EBB8-443B-40CE-A264-CC267D223BE9}.Debug|iPhone.Build.0 = Debug|iPhone
		{6A53EBB8-443B-40CE-A264-CC267D223BE9}.Debug|iPhone.Deploy.0 = Debug|iPhone
		{6A53EBB8-443B-40CE-A264-CC267D223BE9}.Debug|iPhoneSimulator.ActiveCfg = Debug|iPhoneSimulator
		{6A53EBB8-443B-40CE-A264-CC267D223BE9}.Debug|iPhoneSimulator.Build.0 = Debug|iPhoneSimulator
		{6A53EBB8-443B-40CE-A264-CC267D223BE9}.Debug|iPhoneSimulator.Deploy.0 = Debug|iPhoneSimulator
		{6A53EBB8-443B-40CE-A264-CC267D223BE9}.Release|Any CPU.ActiveCfg = Release|iPhoneSimulator
		{6A53EBB8-443B-40CE-A264-CC267D223BE9}.Release|Any CPU.Build.0 = Release|iPhoneSimulator
		{6A53EBB8-443B-40CE-A264-CC267D223BE9}.Release|Any CPU.Deploy.0 = Release|iPhoneSimulator
		{6A53EBB8-443B-40CE-A264-CC267D223BE9}.Release|iPhone.ActiveCfg = Release|iPhone
		{6A53EBB8-443B-40CE-A264-CC267D223BE9}.Release|iPhone.Build.0 = Release|iPhone
		{6A53EBB8-443B-40CE-A264-CC267D223BE9}.Release|iPhone.Deploy.0 = Release|iPhone
		{6A53EBB8-443B-40CE-A264-CC267D223BE9}.Release|iPhoneSimulator.ActiveCfg = Release|iPhoneSimulator
		{6A53EBB8-443B-40CE-A264-CC267D223BE9}.Release|iPhoneSimulator.Build.0 = Release|iPhoneSimulator
		{6A53EBB8-443B-40CE-A264-CC267D223BE9}.Release|iPhoneSimulator.Deploy.0 = Release|iPhoneSimulator
		{D87DFCD1-3E6E-4D6E-9AD6-C15B3D065CAA}.Debug|Any CPU.ActiveCfg = Debug|Any CPU
		{D87DFCD1-3E6E-4D6E-9AD6-C15B3D065CAA}.Debug|Any CPU.Build.0 = Debug|Any CPU
		{D87DFCD1-3E6E-4D6E-9AD6-C15B3D065CAA}.Debug|Any CPU.Deploy.0 = Debug|Any CPU
		{D87DFCD1-3E6E-4D6E-9AD6-C15B3D065CAA}.Debug|iPhone.ActiveCfg = Debug|Any CPU
		{D87DFCD1-3E6E-4D6E-9AD6-C15B3D065CAA}.Debug|iPhone.Build.0 = Debug|Any CPU
		{D87DFCD1-3E6E-4D6E-9AD6-C15B3D065CAA}.Debug|iPhone.Deploy.0 = Debug|Any CPU
		{D87DFCD1-3E6E-4D6E-9AD6-C15B3D065CAA}.Debug|iPhoneSimulator.ActiveCfg = Debug|Any CPU
		{D87DFCD1-3E6E-4D6E-9AD6-C15B3D065CAA}.Debug|iPhoneSimulator.Build.0 = Debug|Any CPU
		{D87DFCD1-3E6E-4D6E-9AD6-C15B3D065CAA}.Debug|iPhoneSimulator.Deploy.0 = Debug|Any CPU
		{D87DFCD1-3E6E-4D6E-9AD6-C15B3D065CAA}.Release|Any CPU.ActiveCfg = Release|Any CPU
		{D87DFCD1-3E6E-4D6E-9AD6-C15B3D065CAA}.Release|Any CPU.Build.0 = Release|Any CPU
		{D87DFCD1-3E6E-4D6E-9AD6-C15B3D065CAA}.Release|Any CPU.Deploy.0 = Release|Any CPU
		{D87DFCD1-3E6E-4D6E-9AD6-C15B3D065CAA}.Release|iPhone.ActiveCfg = Release|Any CPU
		{D87DFCD1-3E6E-4D6E-9AD6-C15B3D065CAA}.Release|iPhone.Build.0 = Release|Any CPU
		{D87DFCD1-3E6E-4D6E-9AD6-C15B3D065CAA}.Release|iPhone.Deploy.0 = Release|Any CPU
		{D87DFCD1-3E6E-4D6E-9AD6-C15B3D065CAA}.Release|iPhoneSimulator.ActiveCfg = Release|Any CPU
		{D87DFCD1-3E6E-4D6E-9AD6-C15B3D065CAA}.Release|iPhoneSimulator.Build.0 = Release|Any CPU
		{D87DFCD1-3E6E-4D6E-9AD6-C15B3D065CAA}.Release|iPhoneSimulator.Deploy.0 = Release|Any CPU
	EndGlobalSection
	GlobalSection(SolutionProperties) = preSolution
		HideSolutionNode = FALSE
	EndGlobalSection
	GlobalSection(ExtensibilityGlobals) = postSolution
		SolutionGuid = {54CF3EF6-4927-4B18-B4BB-A201B141A4A1}
	EndGlobalSection
EndGlobal
